{
    "_meta": {
        "hash": {
            "sha256": "ca6ff14bd74edce1df0113eecd44e1b30491737b1382f92a726a00151c2bf7a3"
        },
        "pipfile-spec": 6,
        "requires": {
            "python_version": "3.6"
        },
        "sources": [
            {
                "name": "pypi",
                "url": "https://pypi.org/simple",
                "verify_ssl": true
            }
        ]
    },
    "default": {
        "py-openaq": {
            "hashes": [
                "sha256:18c50b95ea56e5e7d352a29550ce913dddf6ec739c93dda6f01cfbd6519d2b03",
                "sha256:d4bcbba3a2d0e5290590de5de1bc2889062834681f94a0c8e2e8b7174e078cf1"
            ],
            "index": "pypi",
            "version": "==1.1.0"
        }
    },
    "develop": {}
}
