{
    "_meta": {
        "hash": {
            "sha256": "6ea9be03fc04db53733d21216091f19f53281978ce9c572c250cd8277b8f164f"
        },
        "pipfile-spec": 6,
        "requires": {
            "python_version": "3.7"
        },
        "sources": [
            {
                "name": "pypi",
                "url": "https://pypi.org/simple",
                "verify_ssl": true
            }
        ]
    },
    "default": {
        "py-openaq": {
            "hashes": [
                "sha256:18c50b95ea56e5e7d352a29550ce913dddf6ec739c93dda6f01cfbd6519d2b03",
                "sha256:9895cc0a0003267e7e2550532153c594ce0359ece8f84a6e77e3692b4b03ee19"
            ],
            "index": "pypi",
            "version": "==1.1.0"
        }
    },
    "develop": {}
}
